
Microsoft Visual Studio Solution File, Format Version 12.00
# Visual Studio Version 17
VisualStudioVersion = 17.3.32901.215
MinimumVisualStudioVersion = 10.0.40219.1
Project("{FAE04EC0-301F-11D3-BF4B-00C04F79EFBC}") = "DependencyInversionInjection", "DependencyInversionInjection\DependencyInversionInjection.csproj", "{4C6E7191-56DD-4F45-966F-2A626E5DE3ED}"
EndProject
Global
	GlobalSection(SolutionConfigurationPlatforms) = preSolution
		Debug|Any CPU = Debug|Any CPU
		Release|Any CPU = Release|Any CPU
	EndGlobalSection
	GlobalSection(ProjectConfigurationPlatforms) = postSolution
		{4C6E7191-56DD-4F45-966F-2A626E5DE3ED}.Debug|Any CPU.ActiveCfg = Debug|Any CPU
		{4C6E7191-56DD-4F45-966F-2A626E5DE3ED}.Debug|Any CPU.Build.0 = Debug|Any CPU
		{4C6E7191-56DD-4F45-966F-2A626E5DE3ED}.Release|Any CPU.ActiveCfg = Release|Any CPU
		{4C6E7191-56DD-4F45-966F-2A626E5DE3ED}.Release|Any CPU.Build.0 = Release|Any CPU
	EndGlobalSection
	GlobalSection(SolutionProperties) = preSolution
		HideSolutionNode = FALSE
	EndGlobalSection
	GlobalSection(ExtensibilityGlobals) = postSolution
		SolutionGuid = {AD7EF498-56E5-4019-9D62-52C74E11F263}
	EndGlobalSection
EndGlobal
